// !$*UTF8*$!
{
	archiveVersion = 1;
	classes = {
	};
	objectVersion = 56;
	objects = {

/* Begin PBXBuildFile section */
		1508195E2C919FF300051343 /* AppDelegate.swift in Sources */ = {isa = PBXBuildFile; fileRef = 1508195D2C919FF300051343 /* AppDelegate.swift */; };
		150819672C919FF500051343 /* Assets.xcassets in Resources */ = {isa = PBXBuildFile; fileRef = 150819662C919FF500051343 /* Assets.xcassets */; };
		1508196A2C919FF500051343 /* LaunchScreen.storyboard in Resources */ = {isa = PBXBuildFile; fileRef = 150819682C919FF500051343 /* LaunchScreen.storyboard */; };
		150819752C919FF500051343 /* MyGitHubAppTests.swift in Sources */ = {isa = PBXBuildFile; fileRef = 150819742C919FF500051343 /* MyGitHubAppTests.swift */; };
		1508197F2C919FF500051343 /* MyGitHubAppUITests.swift in Sources */ = {isa = PBXBuildFile; fileRef = 1508197E2C919FF500051343 /* MyGitHubAppUITests.swift */; };
		150819812C919FF500051343 /* MyGitHubAppUITestsLaunchTests.swift in Sources */ = {isa = PBXBuildFile; fileRef = 150819802C919FF500051343 /* MyGitHubAppUITestsLaunchTests.swift */; };
		1528D17D2C943A7F005309AC /* StringExtension.swift in Sources */ = {isa = PBXBuildFile; fileRef = 1528D17C2C943A7F005309AC /* StringExtension.swift */; };
		1549547E2C920922008F8132 /* ProfileViewController.swift in Sources */ = {isa = PBXBuildFile; fileRef = 1549547D2C920922008F8132 /* ProfileViewController.swift */; };
		154954802C920AEE008F8132 /* HomeViewController.swift in Sources */ = {isa = PBXBuildFile; fileRef = 1549547F2C920AEE008F8132 /* HomeViewController.swift */; };
		154954842C920E06008F8132 /* UserManager.swift in Sources */ = {isa = PBXBuildFile; fileRef = 154954832C920E06008F8132 /* UserManager.swift */; };
		15495DDB2C921225008F8132 /* SnapKit in Frameworks */ = {isa = PBXBuildFile; productRef = 15495DDA2C921225008F8132 /* SnapKit */; };
		15495DE32C921845008F8132 /* LoginHintView.swift in Sources */ = {isa = PBXBuildFile; fileRef = 15495DE22C921845008F8132 /* LoginHintView.swift */; };
		15889DEC2C91A21D009256A5 /* LoginViewController.swift in Sources */ = {isa = PBXBuildFile; fileRef = 15889DEB2C91A21D009256A5 /* LoginViewController.swift */; };
		15889DEE2C91A23E009256A5 /* RepositoryListViewController.swift in Sources */ = {isa = PBXBuildFile; fileRef = 15889DED2C91A23E009256A5 /* RepositoryListViewController.swift */; };
		15889DF12C91A27F009256A5 /* GitHubAPI.swift in Sources */ = {isa = PBXBuildFile; fileRef = 15889DF02C91A27F009256A5 /* GitHubAPI.swift */; };
		1588A7C32C92C86A009256A5 /* SDWebImage in Frameworks */ = {isa = PBXBuildFile; productRef = 1588A7C22C92C86A009256A5 /* SDWebImage */; };
		1588A7C52C92D207009256A5 /* RepositoryViewModel.swift in Sources */ = {isa = PBXBuildFile; fileRef = 1588A7C42C92D207009256A5 /* RepositoryViewModel.swift */; };
		1588A7CA2C92E57A009256A5 /* SearchResultViewController.swift in Sources */ = {isa = PBXBuildFile; fileRef = 1588A7C92C92E579009256A5 /* SearchResultViewController.swift */; };
		1588A7CD2C92E62B009256A5 /* Repository.swift in Sources */ = {isa = PBXBuildFile; fileRef = 1588A7CC2C92E62B009256A5 /* Repository.swift */; };
		1588A7CF2C930E24009256A5 /* RepositoryTableView.swift in Sources */ = {isa = PBXBuildFile; fileRef = 1588A7CE2C930E24009256A5 /* RepositoryTableView.swift */; };
		1588A7D12C93154A009256A5 /* BiometricAuthencationHelper.swift in Sources */ = {isa = PBXBuildFile; fileRef = 1588A7D02C93154A009256A5 /* BiometricAuthencationHelper.swift */; };
		1588A7D42C931BEE009256A5 /* KeychainSwift in Frameworks */ = {isa = PBXBuildFile; productRef = 1588A7D32C931BEE009256A5 /* KeychainSwift */; };
		1588A7D72C9334FC009256A5 /* UIViewControllerExtensions.swift in Sources */ = {isa = PBXBuildFile; fileRef = 1588A7D62C9334FC009256A5 /* UIViewControllerExtensions.swift */; };
		15D696542C942D1000BE9FCB /* CommonErrorView.swift in Sources */ = {isa = PBXBuildFile; fileRef = 15D696532C942D1000BE9FCB /* CommonErrorView.swift */; };
		15D6965C2C94347000BE9FCB /* Localizable.strings in Resources */ = {isa = PBXBuildFile; fileRef = 15D6965E2C94347000BE9FCB /* Localizable.strings */; };
/* End PBXBuildFile section */

/* Begin PBXContainerItemProxy section */
		150819712C919FF500051343 /* PBXContainerItemProxy */ = {
			isa = PBXContainerItemProxy;
			containerPortal = 150819522C919FF300051343 /* Project object */;
			proxyType = 1;
			remoteGlobalIDString = 150819592C919FF300051343;
			remoteInfo = MyGitHubApp;
		};
		1508197B2C919FF500051343 /* PBXContainerItemProxy */ = {
			isa = PBXContainerItemProxy;
			containerPortal = 150819522C919FF300051343 /* Project object */;
			proxyType = 1;
			remoteGlobalIDString = 150819592C919FF300051343;
			remoteInfo = MyGitHubApp;
		};
/* End PBXContainerItemProxy section */

/* Begin PBXFileReference section */
		1508195A2C919FF300051343 /* MyGitHubApp.app */ = {isa = PBXFileReference; explicitFileType = wrapper.application; includeInIndex = 0; path = MyGitHubApp.app; sourceTree = BUILT_PRODUCTS_DIR; };
		1508195D2C919FF300051343 /* AppDelegate.swift */ = {isa = PBXFileReference; lastKnownFileType = sourcecode.swift; path = AppDelegate.swift; sourceTree = "<group>"; };
		150819662C919FF500051343 /* Assets.xcassets */ = {isa = PBXFileReference; lastKnownFileType = folder.assetcatalog; path = Assets.xcassets; sourceTree = "<group>"; };
		150819692C919FF500051343 /* Base */ = {isa = PBXFileReference; lastKnownFileType = file.storyboard; name = Base; path = Base.lproj/LaunchScreen.storyboard; sourceTree = "<group>"; };
		1508196B2C919FF500051343 /* Info.plist */ = {isa = PBXFileReference; lastKnownFileType = text.plist.xml; path = Info.plist; sourceTree = "<group>"; };
		150819702C919FF500051343 /* MyGitHubAppTests.xctest */ = {isa = PBXFileReference; explicitFileType = wrapper.cfbundle; includeInIndex = 0; path = MyGitHubAppTests.xctest; sourceTree = BUILT_PRODUCTS_DIR; };
		150819742C919FF500051343 /* MyGitHubAppTests.swift */ = {isa = PBXFileReference; lastKnownFileType = sourcecode.swift; path = MyGitHubAppTests.swift; sourceTree = "<group>"; };
		1508197A2C919FF500051343 /* MyGitHubAppUITests.xctest */ = {isa = PBXFileReference; explicitFileType = wrapper.cfbundle; includeInIndex = 0; path = MyGitHubAppUITests.xctest; sourceTree = BUILT_PRODUCTS_DIR; };
		1508197E2C919FF500051343 /* MyGitHubAppUITests.swift */ = {isa = PBXFileReference; lastKnownFileType = sourcecode.swift; path = MyGitHubAppUITests.swift; sourceTree = "<group>"; };
		150819802C919FF500051343 /* MyGitHubAppUITestsLaunchTests.swift */ = {isa = PBXFileReference; lastKnownFileType = sourcecode.swift; path = MyGitHubAppUITestsLaunchTests.swift; sourceTree = "<group>"; };
		1528D17A2C943546005309AC /* zh-Hans */ = {isa = PBXFileReference; lastKnownFileType = text.plist.strings; name = "zh-Hans"; path = "zh-Hans.lproj/Localizable.strings"; sourceTree = "<group>"; };
		1528D17C2C943A7F005309AC /* StringExtension.swift */ = {isa = PBXFileReference; lastKnownFileType = sourcecode.swift; path = StringExtension.swift; sourceTree = "<group>"; };
		1528D17E2C944079005309AC /* MyGitHubApp.entitlements */ = {isa = PBXFileReference; lastKnownFileType = text.plist.entitlements; path = MyGitHubApp.entitlements; sourceTree = "<group>"; };
		1549547D2C920922008F8132 /* ProfileViewController.swift */ = {isa = PBXFileReference; lastKnownFileType = sourcecode.swift; path = ProfileViewController.swift; sourceTree = "<group>"; };
		1549547F2C920AEE008F8132 /* HomeViewController.swift */ = {isa = PBXFileReference; lastKnownFileType = sourcecode.swift; path = HomeViewController.swift; sourceTree = "<group>"; };
		154954832C920E06008F8132 /* UserManager.swift */ = {isa = PBXFileReference; lastKnownFileType = sourcecode.swift; path = UserManager.swift; sourceTree = "<group>"; };
		15495DE22C921845008F8132 /* LoginHintView.swift */ = {isa = PBXFileReference; lastKnownFileType = sourcecode.swift; path = LoginHintView.swift; sourceTree = "<group>"; };
		15889DEB2C91A21D009256A5 /* LoginViewController.swift */ = {isa = PBXFileReference; lastKnownFileType = sourcecode.swift; path = LoginViewController.swift; sourceTree = "<group>"; };
		15889DED2C91A23E009256A5 /* RepositoryListViewController.swift */ = {isa = PBXFileReference; lastKnownFileType = sourcecode.swift; path = RepositoryListViewController.swift; sourceTree = "<group>"; };
		15889DF02C91A27F009256A5 /* GitHubAPI.swift */ = {isa = PBXFileReference; lastKnownFileType = sourcecode.swift; path = GitHubAPI.swift; sourceTree = "<group>"; };
		1588A7C42C92D207009256A5 /* RepositoryViewModel.swift */ = {isa = PBXFileReference; lastKnownFileType = sourcecode.swift; path = RepositoryViewModel.swift; sourceTree = "<group>"; };
		1588A7C92C92E579009256A5 /* SearchResultViewController.swift */ = {isa = PBXFileReference; lastKnownFileType = sourcecode.swift; path = SearchResultViewController.swift; sourceTree = "<group>"; };
		1588A7CC2C92E62B009256A5 /* Repository.swift */ = {isa = PBXFileReference; lastKnownFileType = sourcecode.swift; path = Repository.swift; sourceTree = "<group>"; };
		1588A7CE2C930E24009256A5 /* RepositoryTableView.swift */ = {isa = PBXFileReference; lastKnownFileType = sourcecode.swift; path = RepositoryTableView.swift; sourceTree = "<group>"; };
		1588A7D02C93154A009256A5 /* BiometricAuthencationHelper.swift */ = {isa = PBXFileReference; lastKnownFileType = sourcecode.swift; path = BiometricAuthencationHelper.swift; sourceTree = "<group>"; };
		1588A7D62C9334FC009256A5 /* UIViewControllerExtensions.swift */ = {isa = PBXFileReference; lastKnownFileType = sourcecode.swift; path = UIViewControllerExtensions.swift; sourceTree = "<group>"; };
		15D696532C942D1000BE9FCB /* CommonErrorView.swift */ = {isa = PBXFileReference; lastKnownFileType = sourcecode.swift; path = CommonErrorView.swift; sourceTree = "<group>"; };
/* End PBXFileReference section */

/* Begin PBXFrameworksBuildPhase section */
		150819572C919FF300051343 /* Frameworks */ = {
			isa = PBXFrameworksBuildPhase;
			buildActionMask = 2147483647;
			files = (
				1588A7D42C931BEE009256A5 /* KeychainSwift in Frameworks */,
				1588A7C32C92C86A009256A5 /* SDWebImage in Frameworks */,
				15495DDB2C921225008F8132 /* SnapKit in Frameworks */,
			);
			runOnlyForDeploymentPostprocessing = 0;
		};
		1508196D2C919FF500051343 /* Frameworks */ = {
			isa = PBXFrameworksBuildPhase;
			buildActionMask = 2147483647;
			files = (
			);
			runOnlyForDeploymentPostprocessing = 0;
		};
		150819772C919FF500051343 /* Frameworks */ = {
			isa = PBXFrameworksBuildPhase;
			buildActionMask = 2147483647;
			files = (
			);
			runOnlyForDeploymentPostprocessing = 0;
		};
/* End PBXFrameworksBuildPhase section */

/* Begin PBXGroup section */
		150819512C919FF300051343 = {
			isa = PBXGroup;
			children = (
				1508195C2C919FF300051343 /* MyGitHubApp */,
				150819732C919FF500051343 /* MyGitHubAppTests */,
				1508197D2C919FF500051343 /* MyGitHubAppUITests */,
				1508195B2C919FF300051343 /* Products */,
			);
			sourceTree = "<group>";
		};
		1508195B2C919FF300051343 /* Products */ = {
			isa = PBXGroup;
			children = (
				1508195A2C919FF300051343 /* MyGitHubApp.app */,
				150819702C919FF500051343 /* MyGitHubAppTests.xctest */,
				1508197A2C919FF500051343 /* MyGitHubAppUITests.xctest */,
			);
			name = Products;
			sourceTree = "<group>";
		};
		1508195C2C919FF300051343 /* MyGitHubApp */ = {
			isa = PBXGroup;
			children = (
				1528D17E2C944079005309AC /* MyGitHubApp.entitlements */,
				15D696522C942CFF00BE9FCB /* UI */,
				1588A7D52C9334D8009256A5 /* Utils */,
				1588A7C82C92E56F009256A5 /* Search */,
				1588A7C72C92D5B1009256A5 /* Home */,
				15495DE12C92180C008F8132 /* Login */,
				15494B262C91F881008F8132 /* Repository */,
				15889DF22C91A29E009256A5 /* Manager */,
				15889DEF2C91A268009256A5 /* API */,
				1508195D2C919FF300051343 /* AppDelegate.swift */,
				150819662C919FF500051343 /* Assets.xcassets */,
				150819682C919FF500051343 /* LaunchScreen.storyboard */,
				1508196B2C919FF500051343 /* Info.plist */,
				15D6965E2C94347000BE9FCB /* Localizable.strings */,
			);
			path = MyGitHubApp;
			sourceTree = "<group>";
		};
		150819732C919FF500051343 /* MyGitHubAppTests */ = {
			isa = PBXGroup;
			children = (
				150819742C919FF500051343 /* MyGitHubAppTests.swift */,
			);
			path = MyGitHubAppTests;
			sourceTree = "<group>";
		};
		1508197D2C919FF500051343 /* MyGitHubAppUITests */ = {
			isa = PBXGroup;
			children = (
				1508197E2C919FF500051343 /* MyGitHubAppUITests.swift */,
				150819802C919FF500051343 /* MyGitHubAppUITestsLaunchTests.swift */,
			);
			path = MyGitHubAppUITests;
			sourceTree = "<group>";
		};
		15494B262C91F881008F8132 /* Repository */ = {
			isa = PBXGroup;
			children = (
				1588A7CC2C92E62B009256A5 /* Repository.swift */,
				1588A7C42C92D207009256A5 /* RepositoryViewModel.swift */,
				1588A7CE2C930E24009256A5 /* RepositoryTableView.swift */,
			);
			path = Repository;
			sourceTree = "<group>";
		};
		15495DE12C92180C008F8132 /* Login */ = {
			isa = PBXGroup;
			children = (
				15889DEB2C91A21D009256A5 /* LoginViewController.swift */,
				15495DE22C921845008F8132 /* LoginHintView.swift */,
				1588A7D02C93154A009256A5 /* BiometricAuthencationHelper.swift */,
			);
			path = Login;
			sourceTree = "<group>";
		};
		15889DEF2C91A268009256A5 /* API */ = {
			isa = PBXGroup;
			children = (
				15889DF02C91A27F009256A5 /* GitHubAPI.swift */,
			);
			path = API;
			sourceTree = "<group>";
		};
		15889DF22C91A29E009256A5 /* Manager */ = {
			isa = PBXGroup;
			children = (
				154954832C920E06008F8132 /* UserManager.swift */,
			);
			path = Manager;
			sourceTree = "<group>";
		};
		1588A7C72C92D5B1009256A5 /* Home */ = {
			isa = PBXGroup;
			children = (
				1549547F2C920AEE008F8132 /* HomeViewController.swift */,
				15889DED2C91A23E009256A5 /* RepositoryListViewController.swift */,
				1549547D2C920922008F8132 /* ProfileViewController.swift */,
			);
			path = Home;
			sourceTree = "<group>";
		};
		1588A7C82C92E56F009256A5 /* Search */ = {
			isa = PBXGroup;
			children = (
				1588A7C92C92E579009256A5 /* SearchResultViewController.swift */,
			);
			path = Search;
			sourceTree = "<group>";
		};
		1588A7D52C9334D8009256A5 /* Utils */ = {
			isa = PBXGroup;
			children = (
				1588A7D62C9334FC009256A5 /* UIViewControllerExtensions.swift */,
				1528D17C2C943A7F005309AC /* StringExtension.swift */,
			);
			path = Utils;
			sourceTree = "<group>";
		};
		15D696522C942CFF00BE9FCB /* UI */ = {
			isa = PBXGroup;
			children = (
				15D696532C942D1000BE9FCB /* CommonErrorView.swift */,
			);
			path = UI;
			sourceTree = "<group>";
		};
/* End PBXGroup section */

/* Begin PBXNativeTarget section */
		150819592C919FF300051343 /* MyGitHubApp */ = {
			isa = PBXNativeTarget;
			buildConfigurationList = 150819842C919FF500051343 /* Build configuration list for PBXNativeTarget "MyGitHubApp" */;
			buildPhases = (
				150819562C919FF300051343 /* Sources */,
				150819572C919FF300051343 /* Frameworks */,
				150819582C919FF300051343 /* Resources */,
			);
			buildRules = (
			);
			dependencies = (
			);
			name = MyGitHubApp;
			packageProductDependencies = (
				15495DDA2C921225008F8132 /* SnapKit */,
				1588A7C22C92C86A009256A5 /* SDWebImage */,
				1588A7D32C931BEE009256A5 /* KeychainSwift */,
			);
			productName = MyGitHubApp;
			productReference = 1508195A2C919FF300051343 /* MyGitHubApp.app */;
			productType = "com.apple.product-type.application";
		};
		1508196F2C919FF500051343 /* MyGitHubAppTests */ = {
			isa = PBXNativeTarget;
			buildConfigurationList = 150819872C919FF500051343 /* Build configuration list for PBXNativeTarget "MyGitHubAppTests" */;
			buildPhases = (
				1508196C2C919FF500051343 /* Sources */,
				1508196D2C919FF500051343 /* Frameworks */,
				1508196E2C919FF500051343 /* Resources */,
			);
			buildRules = (
			);
			dependencies = (
				150819722C919FF500051343 /* PBXTargetDependency */,
			);
			name = MyGitHubAppTests;
			productName = MyGitHubAppTests;
			productReference = 150819702C919FF500051343 /* MyGitHubAppTests.xctest */;
			productType = "com.apple.product-type.bundle.unit-test";
		};
		150819792C919FF500051343 /* MyGitHubAppUITests */ = {
			isa = PBXNativeTarget;
			buildConfigurationList = 1508198A2C919FF500051343 /* Build configuration list for PBXNativeTarget "MyGitHubAppUITests" */;
			buildPhases = (
				150819762C919FF500051343 /* Sources */,
				150819772C919FF500051343 /* Frameworks */,
				150819782C919FF500051343 /* Resources */,
			);
			buildRules = (
			);
			dependencies = (
				1508197C2C919FF500051343 /* PBXTargetDependency */,
			);
			name = MyGitHubAppUITests;
			productName = MyGitHubAppUITests;
			productReference = 1508197A2C919FF500051343 /* MyGitHubAppUITests.xctest */;
			productType = "com.apple.product-type.bundle.ui-testing";
		};
/* End PBXNativeTarget section */

/* Begin PBXProject section */
		150819522C919FF300051343 /* Project object */ = {
			isa = PBXProject;
			attributes = {
				BuildIndependentTargetsInParallel = 1;
				LastSwiftUpdateCheck = 1520;
				LastUpgradeCheck = 1520;
				TargetAttributes = {
					150819592C919FF300051343 = {
						CreatedOnToolsVersion = 15.2;
					};
					1508196F2C919FF500051343 = {
						CreatedOnToolsVersion = 15.2;
						TestTargetID = 150819592C919FF300051343;
					};
					150819792C919FF500051343 = {
						CreatedOnToolsVersion = 15.2;
						TestTargetID = 150819592C919FF300051343;
					};
				};
			};
			buildConfigurationList = 150819552C919FF300051343 /* Build configuration list for PBXProject "MyGitHubApp" */;
			compatibilityVersion = "Xcode 14.0";
			developmentRegion = en;
			hasScannedForEncodings = 0;
			knownRegions = (
				en,
				Base,
				"zh-Hans",
			);
			mainGroup = 150819512C919FF300051343;
			packageReferences = (
				15495DD92C921225008F8132 /* XCRemoteSwiftPackageReference "SnapKit" */,
				1588A7C12C92C598009256A5 /* XCRemoteSwiftPackageReference "SDWebImage" */,
				1588A7D22C931BEE009256A5 /* XCRemoteSwiftPackageReference "keychain-swift" */,
			);
			productRefGroup = 1508195B2C919FF300051343 /* Products */;
			projectDirPath = "";
			projectRoot = "";
			targets = (
				150819592C919FF300051343 /* MyGitHubApp */,
				1508196F2C919FF500051343 /* MyGitHubAppTests */,
				150819792C919FF500051343 /* MyGitHubAppUITests */,
			);
		};
/* End PBXProject section */

/* Begin PBXResourcesBuildPhase section */
		150819582C919FF300051343 /* Resources */ = {
			isa = PBXResourcesBuildPhase;
			buildActionMask = 2147483647;
			files = (
				1508196A2C919FF500051343 /* LaunchScreen.storyboard in Resources */,
				15D6965C2C94347000BE9FCB /* Localizable.strings in Resources */,
				150819672C919FF500051343 /* Assets.xcassets in Resources */,
			);
			runOnlyForDeploymentPostprocessing = 0;
		};
		1508196E2C919FF500051343 /* Resources */ = {
			isa = PBXResourcesBuildPhase;
			buildActionMask = 2147483647;
			files = (
			);
			runOnlyForDeploymentPostprocessing = 0;
		};
		150819782C919FF500051343 /* Resources */ = {
			isa = PBXResourcesBuildPhase;
			buildActionMask = 2147483647;
			files = (
			);
			runOnlyForDeploymentPostprocessing = 0;
		};
/* End PBXResourcesBuildPhase section */

/* Begin PBXSourcesBuildPhase section */
		150819562C919FF300051343 /* Sources */ = {
			isa = PBXSourcesBuildPhase;
			buildActionMask = 2147483647;
			files = (
				15889DEE2C91A23E009256A5 /* RepositoryListViewController.swift in Sources */,
				15889DF12C91A27F009256A5 /* GitHubAPI.swift in Sources */,
				1588A7D12C93154A009256A5 /* BiometricAuthencationHelper.swift in Sources */,
				15495DE32C921845008F8132 /* LoginHintView.swift in Sources */,
				1528D17D2C943A7F005309AC /* StringExtension.swift in Sources */,
				15889DEC2C91A21D009256A5 /* LoginViewController.swift in Sources */,
				154954842C920E06008F8132 /* UserManager.swift in Sources */,
				1588A7D72C9334FC009256A5 /* UIViewControllerExtensions.swift in Sources */,
				1508195E2C919FF300051343 /* AppDelegate.swift in Sources */,
				1549547E2C920922008F8132 /* ProfileViewController.swift in Sources */,
				1588A7CF2C930E24009256A5 /* RepositoryTableView.swift in Sources */,
				1588A7CA2C92E57A009256A5 /* SearchResultViewController.swift in Sources */,
				154954802C920AEE008F8132 /* HomeViewController.swift in Sources */,
				15D696542C942D1000BE9FCB /* CommonErrorView.swift in Sources */,
				1588A7C52C92D207009256A5 /* RepositoryViewModel.swift in Sources */,
				1588A7CD2C92E62B009256A5 /* Repository.swift in Sources */,
			);
			runOnlyForDeploymentPostprocessing = 0;
		};
		1508196C2C919FF500051343 /* Sources */ = {
			isa = PBXSourcesBuildPhase;
			buildActionMask = 2147483647;
			files = (
				150819752C919FF500051343 /* MyGitHubAppTests.swift in Sources */,
			);
			runOnlyForDeploymentPostprocessing = 0;
		};
		150819762C919FF500051343 /* Sources */ = {
			isa = PBXSourcesBuildPhase;
			buildActionMask = 2147483647;
			files = (
				1508197F2C919FF500051343 /* MyGitHubAppUITests.swift in Sources */,
				150819812C919FF500051343 /* MyGitHubAppUITestsLaunchTests.swift in Sources */,
			);
			runOnlyForDeploymentPostprocessing = 0;
		};
/* End PBXSourcesBuildPhase section */

/* Begin PBXTargetDependency section */
		150819722C919FF500051343 /* PBXTargetDependency */ = {
			isa = PBXTargetDependency;
			target = 150819592C919FF300051343 /* MyGitHubApp */;
			targetProxy = 150819712C919FF500051343 /* PBXContainerItemProxy */;
		};
		1508197C2C919FF500051343 /* PBXTargetDependency */ = {
			isa = PBXTargetDependency;
			target = 150819592C919FF300051343 /* MyGitHubApp */;
			targetProxy = 1508197B2C919FF500051343 /* PBXContainerItemProxy */;
		};
/* End PBXTargetDependency section */

/* Begin PBXVariantGroup section */
		150819682C919FF500051343 /* LaunchScreen.storyboard */ = {
			isa = PBXVariantGroup;
			children = (
				150819692C919FF500051343 /* Base */,
			);
			name = LaunchScreen.storyboard;
			sourceTree = "<group>";
		};
		15D6965E2C94347000BE9FCB /* Localizable.strings */ = {
			isa = PBXVariantGroup;
			children = (
				1528D17A2C943546005309AC /* zh-Hans */,
			);
			name = Localizable.strings;
			sourceTree = "<group>";
		};
/* End PBXVariantGroup section */

/* Begin XCBuildConfiguration section */
		150819822C919FF500051343 /* Debug */ = {
			isa = XCBuildConfiguration;
			buildSettings = {
				ALWAYS_SEARCH_USER_PATHS = NO;
				ASSETCATALOG_COMPILER_GENERATE_SWIFT_ASSET_SYMBOL_EXTENSIONS = YES;
				CLANG_ANALYZER_LOCALIZABILITY_NONLOCALIZED = YES;
				CLANG_ANALYZER_NONNULL = YES;
				CLANG_ANALYZER_NUMBER_OBJECT_CONVERSION = YES_AGGRESSIVE;
				CLANG_CXX_LANGUAGE_STANDARD = "gnu++20";
				CLANG_ENABLE_MODULES = YES;
				CLANG_ENABLE_OBJC_ARC = YES;
				CLANG_ENABLE_OBJC_WEAK = YES;
				CLANG_WARN_BLOCK_CAPTURE_AUTORELEASING = YES;
				CLANG_WARN_BOOL_CONVERSION = YES;
				CLANG_WARN_COMMA = YES;
				CLANG_WARN_CONSTANT_CONVERSION = YES;
				CLANG_WARN_DEPRECATED_OBJC_IMPLEMENTATIONS = YES;
				CLANG_WARN_DIRECT_OBJC_ISA_USAGE = YES_ERROR;
				CLANG_WARN_DOCUMENTATION_COMMENTS = YES;
				CLANG_WARN_EMPTY_BODY = YES;
				CLANG_WARN_ENUM_CONVERSION = YES;
				CLANG_WARN_INFINITE_RECURSION = YES;
				CLANG_WARN_INT_CONVERSION = YES;
				CLANG_WARN_NON_LITERAL_NULL_CONVERSION = YES;
				CLANG_WARN_OBJC_IMPLICIT_RETAIN_SELF = YES;
				CLANG_WARN_OBJC_LITERAL_CONVERSION = YES;
				CLANG_WARN_OBJC_ROOT_CLASS = YES_ERROR;
				CLANG_WARN_QUOTED_INCLUDE_IN_FRAMEWORK_HEADER = YES;
				CLANG_WARN_RANGE_LOOP_ANALYSIS = YES;
				CLANG_WARN_STRICT_PROTOTYPES = YES;
				CLANG_WARN_SUSPICIOUS_MOVE = YES;
				CLANG_WARN_UNGUARDED_AVAILABILITY = YES_AGGRESSIVE;
				CLANG_WARN_UNREACHABLE_CODE = YES;
				CLANG_WARN__DUPLICATE_METHOD_MATCH = YES;
				COPY_PHASE_STRIP = NO;
				DEBUG_INFORMATION_FORMAT = dwarf;
				ENABLE_STRICT_OBJC_MSGSEND = YES;
				ENABLE_TESTABILITY = YES;
				ENABLE_USER_SCRIPT_SANDBOXING = YES;
				GCC_C_LANGUAGE_STANDARD = gnu17;
				GCC_DYNAMIC_NO_PIC = NO;
				GCC_NO_COMMON_BLOCKS = YES;
				GCC_OPTIMIZATION_LEVEL = 0;
				GCC_PREPROCESSOR_DEFINITIONS = (
					"DEBUG=1",
					"$(inherited)",
				);
				GCC_WARN_64_TO_32_BIT_CONVERSION = YES;
				GCC_WARN_ABOUT_RETURN_TYPE = YES_ERROR;
				GCC_WARN_UNDECLARED_SELECTOR = YES;
				GCC_WARN_UNINITIALIZED_AUTOS = YES_AGGRESSIVE;
				GCC_WARN_UNUSED_FUNCTION = YES;
				GCC_WARN_UNUSED_VARIABLE = YES;
				IPHONEOS_DEPLOYMENT_TARGET = 17.2;
				LOCALIZATION_PREFERS_STRING_CATALOGS = YES;
				MTL_ENABLE_DEBUG_INFO = INCLUDE_SOURCE;
				MTL_FAST_MATH = YES;
				ONLY_ACTIVE_ARCH = YES;
				SDKROOT = iphoneos;
				SWIFT_ACTIVE_COMPILATION_CONDITIONS = "DEBUG $(inherited)";
				SWIFT_OPTIMIZATION_LEVEL = "-Onone";
			};
			name = Debug;
		};
		150819832C919FF500051343 /* Release */ = {
			isa = XCBuildConfiguration;
			buildSettings = {
				ALWAYS_SEARCH_USER_PATHS = NO;
				ASSETCATALOG_COMPILER_GENERATE_SWIFT_ASSET_SYMBOL_EXTENSIONS = YES;
				CLANG_ANALYZER_LOCALIZABILITY_NONLOCALIZED = YES;
				CLANG_ANALYZER_NONNULL = YES;
				CLANG_ANALYZER_NUMBER_OBJECT_CONVERSION = YES_AGGRESSIVE;
				CLANG_CXX_LANGUAGE_STANDARD = "gnu++20";
				CLANG_ENABLE_MODULES = YES;
				CLANG_ENABLE_OBJC_ARC = YES;
				CLANG_ENABLE_OBJC_WEAK = YES;
				CLANG_WARN_BLOCK_CAPTURE_AUTORELEASING = YES;
				CLANG_WARN_BOOL_CONVERSION = YES;
				CLANG_WARN_COMMA = YES;
				CLANG_WARN_CONSTANT_CONVERSION = YES;
				CLANG_WARN_DEPRECATED_OBJC_IMPLEMENTATIONS = YES;
				CLANG_WARN_DIRECT_OBJC_ISA_USAGE = YES_ERROR;
				CLANG_WARN_DOCUMENTATION_COMMENTS = YES;
				CLANG_WARN_EMPTY_BODY = YES;
				CLANG_WARN_ENUM_CONVERSION = YES;
				CLANG_WARN_INFINITE_RECURSION = YES;
				CLANG_WARN_INT_CONVERSION = YES;
				CLANG_WARN_NON_LITERAL_NULL_CONVERSION = YES;
				CLANG_WARN_OBJC_IMPLICIT_RETAIN_SELF = YES;
				CLANG_WARN_OBJC_LITERAL_CONVERSION = YES;
				CLANG_WARN_OBJC_ROOT_CLASS = YES_ERROR;
				CLANG_WARN_QUOTED_INCLUDE_IN_FRAMEWORK_HEADER = YES;
				CLANG_WARN_RANGE_LOOP_ANALYSIS = YES;
				CLANG_WARN_STRICT_PROTOTYPES = YES;
				CLANG_WARN_SUSPICIOUS_MOVE = YES;
				CLANG_WARN_UNGUARDED_AVAILABILITY = YES_AGGRESSIVE;
				CLANG_WARN_UNREACHABLE_CODE = YES;
				CLANG_WARN__DUPLICATE_METHOD_MATCH = YES;
				COPY_PHASE_STRIP = NO;
				DEBUG_INFORMATION_FORMAT = "dwarf-with-dsym";
				ENABLE_NS_ASSERTIONS = NO;
				ENABLE_STRICT_OBJC_MSGSEND = YES;
				ENABLE_USER_SCRIPT_SANDBOXING = YES;
				GCC_C_LANGUAGE_STANDARD = gnu17;
				GCC_NO_COMMON_BLOCKS = YES;
				GCC_WARN_64_TO_32_BIT_CONVERSION = YES;
				GCC_WARN_ABOUT_RETURN_TYPE = YES_ERROR;
				GCC_WARN_UNDECLARED_SELECTOR = YES;
				GCC_WARN_UNINITIALIZED_AUTOS = YES_AGGRESSIVE;
				GCC_WARN_UNUSED_FUNCTION = YES;
				GCC_WARN_UNUSED_VARIABLE = YES;
				IPHONEOS_DEPLOYMENT_TARGET = 17.2;
				LOCALIZATION_PREFERS_STRING_CATALOGS = YES;
				MTL_ENABLE_DEBUG_INFO = NO;
				MTL_FAST_MATH = YES;
				SDKROOT = iphoneos;
				SWIFT_COMPILATION_MODE = wholemodule;
				VALIDATE_PRODUCT = YES;
			};
			name = Release;
		};
		150819852C919FF500051343 /* Debug */ = {
			isa = XCBuildConfiguration;
			buildSettings = {
				ASSETCATALOG_COMPILER_APPICON_NAME = AppIcon;
				ASSETCATALOG_COMPILER_GLOBAL_ACCENT_COLOR_NAME = AccentColor;
				CODE_SIGN_ENTITLEMENTS = MyGitHubApp/MyGitHubApp.entitlements;
				CODE_SIGN_STYLE = Automatic;
				CURRENT_PROJECT_VERSION = 1;
				DEVELOPMENT_TEAM = X2JNK7LY8J;
				GENERATE_INFOPLIST_FILE = YES;
				INFOPLIST_FILE = MyGitHubApp/Info.plist;
				INFOPLIST_KEY_UIApplicationSupportsIndirectInputEvents = YES;
				INFOPLIST_KEY_UILaunchStoryboardName = LaunchScreen;
				INFOPLIST_KEY_UISupportedInterfaceOrientations_iPad = "UIInterfaceOrientationPortrait UIInterfaceOrientationPortraitUpsideDown UIInterfaceOrientationLandscapeLeft UIInterfaceOrientationLandscapeRight";
				INFOPLIST_KEY_UISupportedInterfaceOrientations_iPhone = "UIInterfaceOrientationPortrait UIInterfaceOrientationLandscapeLeft UIInterfaceOrientationLandscapeRight";
				IPHONEOS_DEPLOYMENT_TARGET = 14.0;
				LD_RUNPATH_SEARCH_PATHS = (
					"$(inherited)",
					"@executable_path/Frameworks",
				);
				MARKETING_VERSION = 1.0;
				PRODUCT_BUNDLE_IDENTIFIER = tmy.MyGitHubApp;
				PRODUCT_NAME = "$(TARGET_NAME)";
				SWIFT_EMIT_LOC_STRINGS = YES;
				SWIFT_VERSION = 5.0;
				TARGETED_DEVICE_FAMILY = "1,2";
			};
			name = Debug;
		};
		150819862C919FF500051343 /* Release */ = {
			isa = XCBuildConfiguration;
			buildSettings = {
				ASSETCATALOG_COMPILER_APPICON_NAME = AppIcon;
				ASSETCATALOG_COMPILER_GLOBAL_ACCENT_COLOR_NAME = AccentColor;
				CODE_SIGN_ENTITLEMENTS = MyGitHubApp/MyGitHubApp.entitlements;
				CODE_SIGN_STYLE = Automatic;
				CURRENT_PROJECT_VERSION = 1;
				DEVELOPMENT_TEAM = X2JNK7LY8J;
				GENERATE_INFOPLIST_FILE = YES;
				INFOPLIST_FILE = MyGitHubApp/Info.plist;
				INFOPLIST_KEY_UIApplicationSupportsIndirectInputEvents = YES;
				INFOPLIST_KEY_UILaunchStoryboardName = LaunchScreen;
				INFOPLIST_KEY_UISupportedInterfaceOrientations_iPad = "UIInterfaceOrientationPortrait UIInterfaceOrientationPortraitUpsideDown UIInterfaceOrientationLandscapeLeft UIInterfaceOrientationLandscapeRight";
				INFOPLIST_KEY_UISupportedInterfaceOrientations_iPhone = "UIInterfaceOrientationPortrait UIInterfaceOrientationLandscapeLeft UIInterfaceOrientationLandscapeRight";
				IPHONEOS_DEPLOYMENT_TARGET = 14.0;
				LD_RUNPATH_SEARCH_PATHS = (
					"$(inherited)",
					"@executable_path/Frameworks",
				);
				MARKETING_VERSION = 1.0;
				PRODUCT_BUNDLE_IDENTIFIER = tmy.MyGitHubApp;
				PRODUCT_NAME = "$(TARGET_NAME)";
				SWIFT_EMIT_LOC_STRINGS = YES;
				SWIFT_VERSION = 5.0;
				TARGETED_DEVICE_FAMILY = "1,2";
			};
			name = Release;
		};
		150819882C919FF500051343 /* Debug */ = {
			isa = XCBuildConfiguration;
			buildSettings = {
				ALWAYS_EMBED_SWIFT_STANDARD_LIBRARIES = YES;
				BUNDLE_LOADER = "$(TEST_HOST)";
				CODE_SIGN_STYLE = Automatic;
				CURRENT_PROJECT_VERSION = 1;
				DEVELOPMENT_TEAM = X2JNK7LY8J;
				GENERATE_INFOPLIST_FILE = YES;
				IPHONEOS_DEPLOYMENT_TARGET = 17.2;
				MARKETING_VERSION = 1.0;
				PRODUCT_BUNDLE_IDENTIFIER = tmy.MyGitHubAppTests;
				PRODUCT_NAME = "$(TARGET_NAME)";
				SWIFT_EMIT_LOC_STRINGS = NO;
				SWIFT_VERSION = 5.0;
				TARGETED_DEVICE_FAMILY = "1,2";
				TEST_HOST = "$(BUILT_PRODUCTS_DIR)/MyGitHubApp.app/$(BUNDLE_EXECUTABLE_FOLDER_PATH)/MyGitHubApp";
			};
			name = Debug;
		};
		150819892C919FF500051343 /* Release */ = {
			isa = XCBuildConfiguration;
			buildSettings = {
				ALWAYS_EMBED_SWIFT_STANDARD_LIBRARIES = YES;
				BUNDLE_LOADER = "$(TEST_HOST)";
				CODE_SIGN_STYLE = Automatic;
				CURRENT_PROJECT_VERSION = 1;
				DEVELOPMENT_TEAM = X2JNK7LY8J;
				GENERATE_INFOPLIST_FILE = YES;
				IPHONEOS_DEPLOYMENT_TARGET = 17.2;
				MARKETING_VERSION = 1.0;
				PRODUCT_BUNDLE_IDENTIFIER = tmy.MyGitHubAppTests;
				PRODUCT_NAME = "$(TARGET_NAME)";
				SWIFT_EMIT_LOC_STRINGS = NO;
				SWIFT_VERSION = 5.0;
				TARGETED_DEVICE_FAMILY = "1,2";
				TEST_HOST = "$(BUILT_PRODUCTS_DIR)/MyGitHubApp.app/$(BUNDLE_EXECUTABLE_FOLDER_PATH)/MyGitHubApp";
			};
			name = Release;
		};
		1508198B2C919FF500051343 /* Debug */ = {
			isa = XCBuildConfiguration;
			buildSettings = {
				ALWAYS_EMBED_SWIFT_STANDARD_LIBRARIES = YES;
				CODE_SIGN_STYLE = Automatic;
				CURRENT_PROJECT_VERSION = 1;
				DEVELOPMENT_TEAM = X2JNK7LY8J;
				GENERATE_INFOPLIST_FILE = YES;
				MARKETING_VERSION = 1.0;
				PRODUCT_BUNDLE_IDENTIFIER = tmy.MyGitHubAppUITests;
				PRODUCT_NAME = "$(TARGET_NAME)";
				SWIFT_EMIT_LOC_STRINGS = NO;
				SWIFT_VERSION = 5.0;
				TARGETED_DEVICE_FAMILY = "1,2";
				TEST_TARGET_NAME = MyGitHubApp;
			};
			name = Debug;
		};
		1508198C2C919FF500051343 /* Release */ = {
			isa = XCBuildConfiguration;
			buildSettings = {
				ALWAYS_EMBED_SWIFT_STANDARD_LIBRARIES = YES;
				CODE_SIGN_STYLE = Automatic;
				CURRENT_PROJECT_VERSION = 1;
				DEVELOPMENT_TEAM = X2JNK7LY8J;
				GENERATE_INFOPLIST_FILE = YES;
				MARKETING_VERSION = 1.0;
				PRODUCT_BUNDLE_IDENTIFIER = tmy.MyGitHubAppUITests;
				PRODUCT_NAME = "$(TARGET_NAME)";
				SWIFT_EMIT_LOC_STRINGS = NO;
				SWIFT_VERSION = 5.0;
				TARGETED_DEVICE_FAMILY = "1,2";
				TEST_TARGET_NAME = MyGitHubApp;
			};
			name = Release;
		};
/* End XCBuildConfiguration section */

/* Begin XCConfigurationList section */
		150819552C919FF300051343 /* Build configuration list for PBXProject "MyGitHubApp" */ = {
			isa = XCConfigurationList;
			buildConfigurations = (
				150819822C919FF500051343 /* Debug */,
				150819832C919FF500051343 /* Release */,
			);
			defaultConfigurationIsVisible = 0;
			defaultConfigurationName = Release;
		};
		150819842C919FF500051343 /* Build configuration list for PBXNativeTarget "MyGitHubApp" */ = {
			isa = XCConfigurationList;
			buildConfigurations = (
				150819852C919FF500051343 /* Debug */,
				150819862C919FF500051343 /* Release */,
			);
			defaultConfigurationIsVisible = 0;
			defaultConfigurationName = Release;
		};
		150819872C919FF500051343 /* Build configuration list for PBXNativeTarget "MyGitHubAppTests" */ = {
			isa = XCConfigurationList;
			buildConfigurations = (
				150819882C919FF500051343 /* Debug */,
				150819892C919FF500051343 /* Release */,
			);
			defaultConfigurationIsVisible = 0;
			defaultConfigurationName = Release;
		};
		1508198A2C919FF500051343 /* Build configuration list for PBXNativeTarget "MyGitHubAppUITests" */ = {
			isa = XCConfigurationList;
			buildConfigurations = (
				1508198B2C919FF500051343 /* Debug */,
				1508198C2C919FF500051343 /* Release */,
			);
			defaultConfigurationIsVisible = 0;
			defaultConfigurationName = Release;
		};
/* End XCConfigurationList section */

/* Begin XCRemoteSwiftPackageReference section */
		15495DD92C921225008F8132 /* XCRemoteSwiftPackageReference "SnapKit" */ = {
			isa = XCRemoteSwiftPackageReference;
			repositoryURL = "https://github.com/SnapKit/SnapKit.git";
			requirement = {
				kind = upToNextMajorVersion;
				minimumVersion = 5.0.0;
			};
		};
		1588A7C12C92C598009256A5 /* XCRemoteSwiftPackageReference "SDWebImage" */ = {
			isa = XCRemoteSwiftPackageReference;
			repositoryURL = "https://github.com/SDWebImage/SDWebImage.git";
			requirement = {
				kind = upToNextMajorVersion;
				minimumVersion = 5.19.7;
			};
		};
		1588A7D22C931BEE009256A5 /* XCRemoteSwiftPackageReference "keychain-swift" */ = {
			isa = XCRemoteSwiftPackageReference;
			repositoryURL = "https://github.com/evgenyneu/keychain-swift.git";
			requirement = {
				kind = upToNextMajorVersion;
				minimumVersion = 24.0.0;
			};
		};
/* End XCRemoteSwiftPackageReference section */

/* Begin XCSwiftPackageProductDependency section */
		15495DDA2C921225008F8132 /* SnapKit */ = {
			isa = XCSwiftPackageProductDependency;
			package = 15495DD92C921225008F8132 /* XCRemoteSwiftPackageReference "SnapKit" */;
			productName = SnapKit;
		};
		1588A7C22C92C86A009256A5 /* SDWebImage */ = {
			isa = XCSwiftPackageProductDependency;
			package = 1588A7C12C92C598009256A5 /* XCRemoteSwiftPackageReference "SDWebImage" */;
			productName = SDWebImage;
		};
		1588A7D32C931BEE009256A5 /* KeychainSwift */ = {
			isa = XCSwiftPackageProductDependency;
			package = 1588A7D22C931BEE009256A5 /* XCRemoteSwiftPackageReference "keychain-swift" */;
			productName = KeychainSwift;
		};
/* End XCSwiftPackageProductDependency section */
	};
	rootObject = 150819522C919FF300051343 /* Project object */;
}
